
Microsoft Visual Studio Solution File, Format Version 12.00
# Visual Studio Version 17
VisualStudioVersion = 17.11.35222.181
MinimumVisualStudioVersion = 10.0.40219.1
Project("{8BC9CEB8-8B4A-11D0-8D11-00A0C91BC942}") = "DSA-ASSIGNMENT-1", "DSA-ASSIGNMENT-1.vcxproj", "{947CC1D5-8725-4C09-83BE-2CC97C0F292D}"
EndProject
Global
	GlobalSection(SolutionConfigurationPlatforms) = preSolution
		Debug|x64 = Debug|x64
		Debug|x86 = Debug|x86
		Release|x64 = Release|x64
		Release|x86 = Release|x86
	EndGlobalSection
	GlobalSection(ProjectConfigurationPlatforms) = postSolution
		{947CC1D5-8725-4C09-83BE-2CC97C0F292D}.Debug|x64.ActiveCfg = Debug|x64
		{947CC1D5-8725-4C09-83BE-2CC97C0F292D}.Debug|x64.Build.0 = Debug|x64
		{947CC1D5-8725-4C09-83BE-2CC97C0F292D}.Debug|x86.ActiveCfg = Debug|Win32
		{947CC1D5-8725-4C09-83BE-2CC97C0F292D}.Debug|x86.Build.0 = Debug|Win32
		{947CC1D5-8725-4C09-83BE-2CC97C0F292D}.Release|x64.ActiveCfg = Release|x64
		{947CC1D5-8725-4C09-83BE-2CC97C0F292D}.Release|x64.Build.0 = Release|x64
		{947CC1D5-8725-4C09-83BE-2CC97C0F292D}.Release|x86.ActiveCfg = Release|Win32
		{947CC1D5-8725-4C09-83BE-2CC97C0F292D}.Release|x86.Build.0 = Release|Win32
	EndGlobalSection
	GlobalSection(SolutionProperties) = preSolution
		HideSolutionNode = FALSE
	EndGlobalSection
	GlobalSection(ExtensibilityGlobals) = postSolution
		SolutionGuid = {AAE94F39-CBCF-4B3F-9587-75F606BC7572}
	EndGlobalSection
EndGlobal
